
Microsoft Visual Studio Solution File, Format Version 12.00
# Visual Studio Version 16
VisualStudioVersion = 16.0.31112.23
MinimumVisualStudioVersion = 10.0.40219.1
Project("{9A19103F-16F7-4668-BE54-9A1E7A4F7556}") = "ProgWspRozCw", "ProgWspRozCw\ProgWspRozCw.csproj", "{20C84BC0-2F90-41F1-BE62-52947477E5E6}"
EndProject
Project("{9A19103F-16F7-4668-BE54-9A1E7A4F7556}") = "Cw3_1_2_3", "Cw3_1\Cw3_1_2_3.csproj", "{2CFA9D71-CC7B-425F-A6EC-4CF14019299B}"
EndProject
Project("{9A19103F-16F7-4668-BE54-9A1E7A4F7556}") = "Cw3_4", "Cw3_4\Cw3_4.csproj", "{138F1EB6-1787-42D5-91A2-B0B48AFF0593}"
EndProject
Project("{9A19103F-16F7-4668-BE54-9A1E7A4F7556}") = "Cw3_5", "Cw3_5\Cw3_5.csproj", "{55881C30-6409-4D1F-A9AD-356456535EF3}"
EndProject
Project("{9A19103F-16F7-4668-BE54-9A1E7A4F7556}") = "Cw4_3", "Cw4_3\Cw4_3.csproj", "{4CA44C35-EA43-446F-9E39-5C37E5EA7C1B}"
EndProject
Project("{9A19103F-16F7-4668-BE54-9A1E7A4F7556}") = "Cw4_4", "Cw4_4\Cw4_4.csproj", "{E1E63737-F7F7-4F1F-8280-BA71DEBED9A5}"
EndProject
Project("{9A19103F-16F7-4668-BE54-9A1E7A4F7556}") = "Cw5", "Cw5\Cw5.csproj", "{68FF01CB-4E69-4130-8E36-8CB2EBA02CD0}"
EndProject
Project("{9A19103F-16F7-4668-BE54-9A1E7A4F7556}") = "Cw6_1", "Cw6_1\Cw6_1.csproj", "{9EA96BB8-F1D0-4A9A-A67B-4BC303D183F8}"
EndProject
Project("{9A19103F-16F7-4668-BE54-9A1E7A4F7556}") = "Cw6_2", "Cw6_2\Cw6_2.csproj", "{605B21EF-AB9C-43C3-BAE5-01DBA8279557}"
EndProject
Project("{9A19103F-16F7-4668-BE54-9A1E7A4F7556}") = "Cw6_3", "Cw6_3\Cw6_3.csproj", "{72F4D580-2114-4351-B4C8-19E18C23556C}"
EndProject
Project("{FAE04EC0-301F-11D3-BF4B-00C04F79EFBC}") = "W1_Server1", "W1_Server1\W1_Server1.csproj", "{DB1681BA-5B25-4D50-A326-205897E535BB}"
EndProject
Project("{FAE04EC0-301F-11D3-BF4B-00C04F79EFBC}") = "W1_Client1", "W1_Client1\W1_Client1.csproj", "{6FB39A22-4971-4595-85E9-66D8062816EE}"
EndProject
Project("{FAE04EC0-301F-11D3-BF4B-00C04F79EFBC}") = "W1_Server2", "W1_Server2\W1_Server2.csproj", "{FB8D5431-60A8-4BC8-982C-91A5ACF7B26E}"
EndProject
Project("{FAE04EC0-301F-11D3-BF4B-00C04F79EFBC}") = "W1_Client2", "W1_Client2\W1_Client2.csproj", "{A08F1089-BF7D-4784-993A-AA27556E8C43}"
EndProject
Project("{9A19103F-16F7-4668-BE54-9A1E7A4F7556}") = "Cw8_1", "Cw8_1\Cw8_1.csproj", "{00D6C1B8-BB2F-4DB7-9E49-4EC25D543A2B}"
EndProject
Project("{FAE04EC0-301F-11D3-BF4B-00C04F79EFBC}") = "Cw7", "Cw7\Cw7.csproj", "{0C1E2052-F645-4170-B79C-7C6A9B229F1D}"
EndProject
Project("{FAE04EC0-301F-11D3-BF4B-00C04F79EFBC}") = "Cw7_2", "Cw7_2\Cw7_2.csproj", "{589D5208-7A2E-4EC9-907E-75F84DDCABE5}"
EndProject
Project("{FAE04EC0-301F-11D3-BF4B-00C04F79EFBC}") = "Cw8_2", "Cw8_2\Cw8_2.csproj", "{45C7248B-D82B-4535-BDB2-C41836087A7F}"
EndProject
Project("{FAE04EC0-301F-11D3-BF4B-00C04F79EFBC}") = "Cw8_3", "Cw8_3\Cw8_3.csproj", "{7922C188-BFDE-4DDF-89A9-D70F752B847C}"
EndProject
Project("{FAE04EC0-301F-11D3-BF4B-00C04F79EFBC}") = "Cw8_4", "Cw8_4\Cw8_4.csproj", "{9FB00630-CACB-494B-9AE4-EC02AAE966ED}"
EndProject
Global
	GlobalSection(SolutionConfigurationPlatforms) = preSolution
		Debug|Any CPU = Debug|Any CPU
		Release|Any CPU = Release|Any CPU
	EndGlobalSection
	GlobalSection(ProjectConfigurationPlatforms) = postSolution
		{20C84BC0-2F90-41F1-BE62-52947477E5E6}.Debug|Any CPU.ActiveCfg = Debug|Any CPU
		{20C84BC0-2F90-41F1-BE62-52947477E5E6}.Debug|Any CPU.Build.0 = Debug|Any CPU
		{20C84BC0-2F90-41F1-BE62-52947477E5E6}.Release|Any CPU.ActiveCfg = Release|Any CPU
		{20C84BC0-2F90-41F1-BE62-52947477E5E6}.Release|Any CPU.Build.0 = Release|Any CPU
		{2CFA9D71-CC7B-425F-A6EC-4CF14019299B}.Debug|Any CPU.ActiveCfg = Debug|Any CPU
		{2CFA9D71-CC7B-425F-A6EC-4CF14019299B}.Debug|Any CPU.Build.0 = Debug|Any CPU
		{2CFA9D71-CC7B-425F-A6EC-4CF14019299B}.Release|Any CPU.ActiveCfg = Release|Any CPU
		{2CFA9D71-CC7B-425F-A6EC-4CF14019299B}.Release|Any CPU.Build.0 = Release|Any CPU
		{138F1EB6-1787-42D5-91A2-B0B48AFF0593}.Debug|Any CPU.ActiveCfg = Debug|Any CPU
		{138F1EB6-1787-42D5-91A2-B0B48AFF0593}.Debug|Any CPU.Build.0 = Debug|Any CPU
		{138F1EB6-1787-42D5-91A2-B0B48AFF0593}.Release|Any CPU.ActiveCfg = Release|Any CPU
		{138F1EB6-1787-42D5-91A2-B0B48AFF0593}.Release|Any CPU.Build.0 = Release|Any CPU
		{55881C30-6409-4D1F-A9AD-356456535EF3}.Debug|Any CPU.ActiveCfg = Debug|Any CPU
		{55881C30-6409-4D1F-A9AD-356456535EF3}.Debug|Any CPU.Build.0 = Debug|Any CPU
		{55881C30-6409-4D1F-A9AD-356456535EF3}.Release|Any CPU.ActiveCfg = Release|Any CPU
		{55881C30-6409-4D1F-A9AD-356456535EF3}.Release|Any CPU.Build.0 = Release|Any CPU
		{4CA44C35-EA43-446F-9E39-5C37E5EA7C1B}.Debug|Any CPU.ActiveCfg = Debug|Any CPU
		{4CA44C35-EA43-446F-9E39-5C37E5EA7C1B}.Debug|Any CPU.Build.0 = Debug|Any CPU
		{4CA44C35-EA43-446F-9E39-5C37E5EA7C1B}.Release|Any CPU.ActiveCfg = Release|Any CPU
		{4CA44C35-EA43-446F-9E39-5C37E5EA7C1B}.Release|Any CPU.Build.0 = Release|Any CPU
		{E1E63737-F7F7-4F1F-8280-BA71DEBED9A5}.Debug|Any CPU.ActiveCfg = Debug|Any CPU
		{E1E63737-F7F7-4F1F-8280-BA71DEBED9A5}.Debug|Any CPU.Build.0 = Debug|Any CPU
		{E1E63737-F7F7-4F1F-8280-BA71DEBED9A5}.Release|Any CPU.ActiveCfg = Release|Any CPU
		{E1E63737-F7F7-4F1F-8280-BA71DEBED9A5}.Release|Any CPU.Build.0 = Release|Any CPU
		{68FF01CB-4E69-4130-8E36-8CB2EBA02CD0}.Debug|Any CPU.ActiveCfg = Debug|Any CPU
		{68FF01CB-4E69-4130-8E36-8CB2EBA02CD0}.Debug|Any CPU.Build.0 = Debug|Any CPU
		{68FF01CB-4E69-4130-8E36-8CB2EBA02CD0}.Release|Any CPU.ActiveCfg = Release|Any CPU
		{68FF01CB-4E69-4130-8E36-8CB2EBA02CD0}.Release|Any CPU.Build.0 = Release|Any CPU
		{9EA96BB8-F1D0-4A9A-A67B-4BC303D183F8}.Debug|Any CPU.ActiveCfg = Debug|Any CPU
		{9EA96BB8-F1D0-4A9A-A67B-4BC303D183F8}.Debug|Any CPU.Build.0 = Debug|Any CPU
		{9EA96BB8-F1D0-4A9A-A67B-4BC303D183F8}.Release|Any CPU.ActiveCfg = Release|Any CPU
		{9EA96BB8-F1D0-4A9A-A67B-4BC303D183F8}.Release|Any CPU.Build.0 = Release|Any CPU
		{605B21EF-AB9C-43C3-BAE5-01DBA8279557}.Debug|Any CPU.ActiveCfg = Debug|Any CPU
		{605B21EF-AB9C-43C3-BAE5-01DBA8279557}.Debug|Any CPU.Build.0 = Debug|Any CPU
		{605B21EF-AB9C-43C3-BAE5-01DBA8279557}.Release|Any CPU.ActiveCfg = Release|Any CPU
		{605B21EF-AB9C-43C3-BAE5-01DBA8279557}.Release|Any CPU.Build.0 = Release|Any CPU
		{72F4D580-2114-4351-B4C8-19E18C23556C}.Debug|Any CPU.ActiveCfg = Debug|Any CPU
		{72F4D580-2114-4351-B4C8-19E18C23556C}.Debug|Any CPU.Build.0 = Debug|Any CPU
		{72F4D580-2114-4351-B4C8-19E18C23556C}.Release|Any CPU.ActiveCfg = Release|Any CPU
		{72F4D580-2114-4351-B4C8-19E18C23556C}.Release|Any CPU.Build.0 = Release|Any CPU
		{DB1681BA-5B25-4D50-A326-205897E535BB}.Debug|Any CPU.ActiveCfg = Debug|Any CPU
		{DB1681BA-5B25-4D50-A326-205897E535BB}.Debug|Any CPU.Build.0 = Debug|Any CPU
		{DB1681BA-5B25-4D50-A326-205897E535BB}.Release|Any CPU.ActiveCfg = Release|Any CPU
		{DB1681BA-5B25-4D50-A326-205897E535BB}.Release|Any CPU.Build.0 = Release|Any CPU
		{6FB39A22-4971-4595-85E9-66D8062816EE}.Debug|Any CPU.ActiveCfg = Debug|Any CPU
		{6FB39A22-4971-4595-85E9-66D8062816EE}.Debug|Any CPU.Build.0 = Debug|Any CPU
		{6FB39A22-4971-4595-85E9-66D8062816EE}.Release|Any CPU.ActiveCfg = Release|Any CPU
		{6FB39A22-4971-4595-85E9-66D8062816EE}.Release|Any CPU.Build.0 = Release|Any CPU
		{FB8D5431-60A8-4BC8-982C-91A5ACF7B26E}.Debug|Any CPU.ActiveCfg = Debug|Any CPU
		{FB8D5431-60A8-4BC8-982C-91A5ACF7B26E}.Debug|Any CPU.Build.0 = Debug|Any CPU
		{FB8D5431-60A8-4BC8-982C-91A5ACF7B26E}.Release|Any CPU.ActiveCfg = Release|Any CPU
		{FB8D5431-60A8-4BC8-982C-91A5ACF7B26E}.Release|Any CPU.Build.0 = Release|Any CPU
		{A08F1089-BF7D-4784-993A-AA27556E8C43}.Debug|Any CPU.ActiveCfg = Debug|Any CPU
		{A08F1089-BF7D-4784-993A-AA27556E8C43}.Debug|Any CPU.Build.0 = Debug|Any CPU
		{A08F1089-BF7D-4784-993A-AA27556E8C43}.Release|Any CPU.ActiveCfg = Release|Any CPU
		{A08F1089-BF7D-4784-993A-AA27556E8C43}.Release|Any CPU.Build.0 = Release|Any CPU
		{00D6C1B8-BB2F-4DB7-9E49-4EC25D543A2B}.Debug|Any CPU.ActiveCfg = Debug|Any CPU
		{00D6C1B8-BB2F-4DB7-9E49-4EC25D543A2B}.Debug|Any CPU.Build.0 = Debug|Any CPU
		{00D6C1B8-BB2F-4DB7-9E49-4EC25D543A2B}.Release|Any CPU.ActiveCfg = Release|Any CPU
		{00D6C1B8-BB2F-4DB7-9E49-4EC25D543A2B}.Release|Any CPU.Build.0 = Release|Any CPU
		{0C1E2052-F645-4170-B79C-7C6A9B229F1D}.Debug|Any CPU.ActiveCfg = Debug|Any CPU
		{0C1E2052-F645-4170-B79C-7C6A9B229F1D}.Debug|Any CPU.Build.0 = Debug|Any CPU
		{0C1E2052-F645-4170-B79C-7C6A9B229F1D}.Release|Any CPU.ActiveCfg = Release|Any CPU
		{0C1E2052-F645-4170-B79C-7C6A9B229F1D}.Release|Any CPU.Build.0 = Release|Any CPU
		{589D5208-7A2E-4EC9-907E-75F84DDCABE5}.Debug|Any CPU.ActiveCfg = Debug|Any CPU
		{589D5208-7A2E-4EC9-907E-75F84DDCABE5}.Debug|Any CPU.Build.0 = Debug|Any CPU
		{589D5208-7A2E-4EC9-907E-75F84DDCABE5}.Release|Any CPU.ActiveCfg = Release|Any CPU
		{589D5208-7A2E-4EC9-907E-75F84DDCABE5}.Release|Any CPU.Build.0 = Release|Any CPU
		{45C7248B-D82B-4535-BDB2-C41836087A7F}.Debug|Any CPU.ActiveCfg = Debug|Any CPU
		{45C7248B-D82B-4535-BDB2-C41836087A7F}.Debug|Any CPU.Build.0 = Debug|Any CPU
		{45C7248B-D82B-4535-BDB2-C41836087A7F}.Release|Any CPU.ActiveCfg = Release|Any CPU
		{45C7248B-D82B-4535-BDB2-C41836087A7F}.Release|Any CPU.Build.0 = Release|Any CPU
		{7922C188-BFDE-4DDF-89A9-D70F752B847C}.Debug|Any CPU.ActiveCfg = Debug|Any CPU
		{7922C188-BFDE-4DDF-89A9-D70F752B847C}.Debug|Any CPU.Build.0 = Debug|Any CPU
		{7922C188-BFDE-4DDF-89A9-D70F752B847C}.Release|Any CPU.ActiveCfg = Release|Any CPU
		{7922C188-BFDE-4DDF-89A9-D70F752B847C}.Release|Any CPU.Build.0 = Release|Any CPU
		{9FB00630-CACB-494B-9AE4-EC02AAE966ED}.Debug|Any CPU.ActiveCfg = Debug|Any CPU
		{9FB00630-CACB-494B-9AE4-EC02AAE966ED}.Debug|Any CPU.Build.0 = Debug|Any CPU
		{9FB00630-CACB-494B-9AE4-EC02AAE966ED}.Release|Any CPU.ActiveCfg = Release|Any CPU
		{9FB00630-CACB-494B-9AE4-EC02AAE966ED}.Release|Any CPU.Build.0 = Release|Any CPU
	EndGlobalSection
	GlobalSection(SolutionProperties) = preSolution
		HideSolutionNode = FALSE
	EndGlobalSection
	GlobalSection(ExtensibilityGlobals) = postSolution
		SolutionGuid = {1143343F-B30D-4704-B8E0-A91FA58FF5F5}
	EndGlobalSection
EndGlobal
